<?xml version="1.0" encoding="utf-8"?>
<Project ToolsVersion="4.0" xmlns="http://schemas.microsoft.com/developer/msbuild/2003">
  <ItemGroup>
    <Filter Include="源文件">
      <UniqueIdentifier>{4FC737F1-C7A5-4376-A066-2A32D752A2FF}</UniqueIdentifier>
      <Extensions>cpp;c;cc;cxx;def;odl;idl;hpj;bat;asm;asmx</Extensions>
    </Filter>
    <Filter Include="头文件">
      <UniqueIdentifier>{93995380-89BD-4b04-88EB-625FBE52EBFB}</UniqueIdentifier>
      <Extensions>h;hh;hpp;hxx;hm;inl;inc;xsd</Extensions>
    </Filter>
    <Filter Include="资源文件">
      <UniqueIdentifier>{67DA6AB6-F800-4c08-8B7A-83BB121AAD01}</UniqueIdentifier>
      <Extensions>rc;ico;cur;bmp;dlg;rc2;rct;bin;rgs;gif;jpg;jpeg;jpe;resx;tiff;tif;png;wav;mfcribbon-ms</Extensions>
    </Filter>
  </ItemGroup>
  <ItemGroup>
    <ClCompile Include="diffWaysToCompute.cpp">
      <Filter>源文件</Filter>
    </ClCompile>
    <ClCompile Include="searchMatrix.cpp">
      <Filter>源文件</Filter>
    </ClCompile>
    <ClCompile Include="searchMatrix2.cpp">
      <Filter>源文件</Filter>
    </ClCompile>
    <ClCompile Include="productExceptSelf.cpp">
      <Filter>源文件</Filter>
    </ClCompile>
    <ClCompile Include="lowestCommonAncestor.cpp">
      <Filter>源文件</Filter>
    </ClCompile>
    <ClCompile Include="numberOfDigitOne.cpp">
      <Filter>源文件</Filter>
    </ClCompile>
    <ClCompile Include="treeOrder.cpp">
      <Filter>源文件</Filter>
    </ClCompile>
    <ClCompile Include="kthSmallest.cpp">
      <Filter>源文件</Filter>
    </ClCompile>
    <ClCompile Include="majorityElement.cpp">
      <Filter>源文件</Filter>
    </ClCompile>
    <ClCompile Include="calculater.cpp">
      <Filter>源文件</Filter>
    </ClCompile>
    <ClCompile Include="countCompleteTree.cpp">
      <Filter>源文件</Filter>
    </ClCompile>
    <ClCompile Include="maximalSquare.cpp">
      <Filter>源文件</Filter>
    </ClCompile>
    <ClCompile Include="findKthLargest.cpp">
      <Filter>源文件</Filter>
    </ClCompile>
    <ClCompile Include="containDumplicate.cpp">
      <Filter>源文件</Filter>
    </ClCompile>
    <ClCompile Include="regualr.cpp">
      <Filter>源文件</Filter>
    </ClCompile>
    <ClCompile Include="addAndSearchWord.cpp">
      <Filter>源文件</Filter>
    </ClCompile>
    <ClCompile Include="addTwoNumber.cpp">
      <Filter>源文件</Filter>
    </ClCompile>
    <ClCompile Include="combinationNumIII.cpp">
      <Filter>源文件</Filter>
    </ClCompile>
    <ClCompile Include="lowestCommenAncestor2.cpp">
      <Filter>源文件</Filter>
    </ClCompile>
    <ClCompile Include="missingNumber.cpp">
      <Filter>源文件</Filter>
    </ClCompile>
    <ClCompile Include="numberToWord.cpp">
      <Filter>源文件</Filter>
    </ClCompile>
    <ClCompile Include="palindromeList.cpp">
      <Filter>源文件</Filter>
    </ClCompile>
    <ClCompile Include="perfactSquares.cpp">
      <Filter>源文件</Filter>
    </ClCompile>
    <ClCompile Include="repeatedDNA.cpp">
      <Filter>源文件</Filter>
    </ClCompile>
    <ClCompile Include="reverseBits.cpp">
      <Filter>源文件</Filter>
    </ClCompile>
    <ClCompile Include="searchWord.cpp">
      <Filter>源文件</Filter>
    </ClCompile>
    <ClCompile Include="singleNumber.cpp">
      <Filter>源文件</Filter>
    </ClCompile>
    <ClCompile Include="symetricTree.cpp">
      <Filter>源文件</Filter>
    </ClCompile>
    <ClCompile Include="unglyII.cpp">
      <Filter>源文件</Filter>
    </ClCompile>
    <ClCompile Include="bestTimeToBuyAndSellStock.cpp">
      <Filter>源文件</Filter>
    </ClCompile>
    <ClCompile Include="btLevelOrderTraversal.cpp">
      <Filter>源文件</Filter>
    </ClCompile>
    <ClCompile Include="decodeWays.cpp">
      <Filter>源文件</Filter>
    </ClCompile>
    <ClCompile Include="dictionaryOrder.cpp">
      <Filter>源文件</Filter>
    </ClCompile>
    <ClCompile Include="divideTwoIntegers.cpp">
      <Filter>源文件</Filter>
    </ClCompile>
    <ClCompile Include="grayCode.cpp">
      <Filter>源文件</Filter>
    </ClCompile>
    <ClCompile Include="minStack.cpp">
      <Filter>源文件</Filter>
    </ClCompile>
    <ClCompile Include="multiplyString.cpp">
      <Filter>源文件</Filter>
    </ClCompile>
    <ClCompile Include="queueStack.cpp">
      <Filter>源文件</Filter>
    </ClCompile>
    <ClCompile Include="searchArea.cpp">
      <Filter>源文件</Filter>
    </ClCompile>
    <ClCompile Include="linkedListCycle.cpp">
      <Filter>源文件</Filter>
    </ClCompile>
    <ClCompile Include="implementStackByQueues.cpp">
      <Filter>源文件</Filter>
    </ClCompile>
    <ClCompile Include="wordPattern.cpp">
      <Filter>源文件</Filter>
    </ClCompile>
    <ClCompile Include="crush.cpp">
      <Filter>源文件</Filter>
    </ClCompile>
    <ClCompile Include="subSet.cpp">
      <Filter>源文件</Filter>
    </ClCompile>
    <ClCompile Include="pascalTriangle.cpp">
      <Filter>源文件</Filter>
    </ClCompile>
    <ClCompile Include="validNumber.cpp">
      <Filter>源文件</Filter>
    </ClCompile>
    <ClCompile Include="getMost.cpp">
      <Filter>源文件</Filter>
    </ClCompile>
    <ClCompile Include="surroundedRegions.cpp">
      <Filter>源文件</Filter>
    </ClCompile>
    <ClCompile Include="combination.cpp">
      <Filter>源文件</Filter>
    </ClCompile>
    <ClCompile Include="pathSumII.cpp">
      <Filter>源文件</Filter>
    </ClCompile>
    <ClCompile Include="mergeKSortedLists.cpp">
      <Filter>源文件</Filter>
    </ClCompile>
    <ClCompile Include="sortList.cpp">
      <Filter>源文件</Filter>
    </ClCompile>
    <ClCompile Include="rotateList.cpp">
      <Filter>源文件</Filter>
    </ClCompile>
    <ClCompile Include="rmDuplicatesfromSortedList II.cpp">
      <Filter>源文件</Filter>
    </ClCompile>
    <ClCompile Include="copyListWithRandom.cpp">
      <Filter>源文件</Filter>
    </ClCompile>
    <ClCompile Include="largestNumber.cpp">
      <Filter>源文件</Filter>
    </ClCompile>
    <ClCompile Include="convertListToBST.cpp">
      <Filter>源文件</Filter>
    </ClCompile>
    <ClCompile Include="maximumGap.cpp">
      <Filter>源文件</Filter>
    </ClCompile>
    <ClCompile Include="searchForRange.cpp">
      <Filter>源文件</Filter>
    </ClCompile>
    <ClCompile Include="reverseWordsinString.cpp">
      <Filter>源文件</Filter>
    </ClCompile>
    <ClCompile Include="sumOfRange.cpp">
      <Filter>源文件</Filter>
    </ClCompile>
    <ClCompile Include="implementTrie.cpp">
      <Filter>源文件</Filter>
    </ClCompile>
    <ClCompile Include="longestValidParentheses.cpp">
      <Filter>源文件</Filter>
    </ClCompile>
    <ClCompile Include="flattenBinaryTree.cpp">
      <Filter>源文件</Filter>
    </ClCompile>
  </ItemGroup>
  <ItemGroup>
    <ClInclude Include="leetcode.h">
      <Filter>头文件</Filter>
    </ClInclude>
  </ItemGroup>
</Project>